
Microsoft Visual Studio Solution File, Format Version 12.00
# Visual Studio Version 17
VisualStudioVersion = 17.10.35122.118
MinimumVisualStudioVersion = 10.0.40219.1
Project("{FAE04EC0-301F-11D3-BF4B-00C04F79EFBC}") = "ConsoleApp-Chuong02", "ConsoleApp-Chuong02.csproj", "{C02AEF16-709F-47EB-9BF0-C2FAF3943AAF}"
EndProject
Global
	GlobalSection(SolutionConfigurationPlatforms) = preSolution
		Debug|Any CPU = Debug|Any CPU
		Release|Any CPU = Release|Any CPU
	EndGlobalSection
	GlobalSection(ProjectConfigurationPlatforms) = postSolution
		{C02AEF16-709F-47EB-9BF0-C2FAF3943AAF}.Debug|Any CPU.ActiveCfg = Debug|Any CPU
		{C02AEF16-709F-47EB-9BF0-C2FAF3943AAF}.Debug|Any CPU.Build.0 = Debug|Any CPU
		{C02AEF16-709F-47EB-9BF0-C2FAF3943AAF}.Release|Any CPU.ActiveCfg = Release|Any CPU
		{C02AEF16-709F-47EB-9BF0-C2FAF3943AAF}.Release|Any CPU.Build.0 = Release|Any CPU
	EndGlobalSection
	GlobalSection(SolutionProperties) = preSolution
		HideSolutionNode = FALSE
	EndGlobalSection
	GlobalSection(ExtensibilityGlobals) = postSolution
		SolutionGuid = {3767AC26-910D-4229-99B0-C3B3B96E529E}
	EndGlobalSection
EndGlobal
